
Microsoft Visual Studio Solution File, Format Version 12.00
# Visual Studio Version 17
VisualStudioVersion = 17.14.36105.17 d17.14
MinimumVisualStudioVersion = 10.0.40219.1
Project("{FAE04EC0-301F-11D3-BF4B-00C04F79EFBC}") = "AppInsightsDemo.PsiApi", "AppInsightsDemo.PsiApi\AppInsightsDemo.PsiApi.csproj", "{0183E7BF-FD64-463F-83A8-A5B89987E8A8}"
EndProject
Project("{FAE04EC0-301F-11D3-BF4B-00C04F79EFBC}") = "AppInsightsDemo.OmegaApi", "AppInsightsDemo.OmegaApi\AppInsightsDemo.OmegaApi.csproj", "{35F1FDB5-9110-4110-8F07-FFCE03E736C1}"
EndProject
Global
	GlobalSection(SolutionConfigurationPlatforms) = preSolution
		Debug|Any CPU = Debug|Any CPU
		Release|Any CPU = Release|Any CPU
	EndGlobalSection
	GlobalSection(ProjectConfigurationPlatforms) = postSolution
		{0183E7BF-FD64-463F-83A8-A5B89987E8A8}.Debug|Any CPU.ActiveCfg = Debug|Any CPU
		{0183E7BF-FD64-463F-83A8-A5B89987E8A8}.Debug|Any CPU.Build.0 = Debug|Any CPU
		{0183E7BF-FD64-463F-83A8-A5B89987E8A8}.Release|Any CPU.ActiveCfg = Release|Any CPU
		{0183E7BF-FD64-463F-83A8-A5B89987E8A8}.Release|Any CPU.Build.0 = Release|Any CPU
		{35F1FDB5-9110-4110-8F07-FFCE03E736C1}.Debug|Any CPU.ActiveCfg = Debug|Any CPU
		{35F1FDB5-9110-4110-8F07-FFCE03E736C1}.Debug|Any CPU.Build.0 = Debug|Any CPU
		{35F1FDB5-9110-4110-8F07-FFCE03E736C1}.Release|Any CPU.ActiveCfg = Release|Any CPU
		{35F1FDB5-9110-4110-8F07-FFCE03E736C1}.Release|Any CPU.Build.0 = Release|Any CPU
	EndGlobalSection
	GlobalSection(SolutionProperties) = preSolution
		HideSolutionNode = FALSE
	EndGlobalSection
	GlobalSection(ExtensibilityGlobals) = postSolution
		SolutionGuid = {C999C489-F022-4239-B36B-BB679CF7D013}
	EndGlobalSection
EndGlobal
